
Microsoft Visual Studio Solution File, Format Version 12.00
# Visual Studio Version 17
VisualStudioVersion = 17.13.35818.85 d17.13
MinimumVisualStudioVersion = 10.0.40219.1
Project("{FAE04EC0-301F-11D3-BF4B-00C04F79EFBC}") = "WebApi_Normal", "WebApi_Normal\WebApi_Normal.csproj", "{2B0274C0-9BDE-4D3D-BA6D-1A3034194A33}"
EndProject
Project("{FAE04EC0-301F-11D3-BF4B-00C04F79EFBC}") = "WbApi_Minimal", "WbApi_Minimal\WbApi_Minimal.csproj", "{58BD61CD-CE86-41E7-847E-9DB410C0335B}"
EndProject
Global
	GlobalSection(SolutionConfigurationPlatforms) = preSolution
		Debug|Any CPU = Debug|Any CPU
		Release|Any CPU = Release|Any CPU
	EndGlobalSection
	GlobalSection(ProjectConfigurationPlatforms) = postSolution
		{2B0274C0-9BDE-4D3D-BA6D-1A3034194A33}.Debug|Any CPU.ActiveCfg = Debug|Any CPU
		{2B0274C0-9BDE-4D3D-BA6D-1A3034194A33}.Debug|Any CPU.Build.0 = Debug|Any CPU
		{2B0274C0-9BDE-4D3D-BA6D-1A3034194A33}.Release|Any CPU.ActiveCfg = Release|Any CPU
		{2B0274C0-9BDE-4D3D-BA6D-1A3034194A33}.Release|Any CPU.Build.0 = Release|Any CPU
		{58BD61CD-CE86-41E7-847E-9DB410C0335B}.Debug|Any CPU.ActiveCfg = Debug|Any CPU
		{58BD61CD-CE86-41E7-847E-9DB410C0335B}.Debug|Any CPU.Build.0 = Debug|Any CPU
		{58BD61CD-CE86-41E7-847E-9DB410C0335B}.Release|Any CPU.ActiveCfg = Release|Any CPU
		{58BD61CD-CE86-41E7-847E-9DB410C0335B}.Release|Any CPU.Build.0 = Release|Any CPU
	EndGlobalSection
	GlobalSection(SolutionProperties) = preSolution
		HideSolutionNode = FALSE
	EndGlobalSection
	GlobalSection(ExtensibilityGlobals) = postSolution
		SolutionGuid = {6FE8C9AA-6E2C-45DF-9E5A-89B1169A1E10}
	EndGlobalSection
EndGlobal
